
Microsoft Visual Studio Solution File, Format Version 12.00
# Visual Studio 2012
Project("{8BC9CEB8-8B4A-11D0-8D11-00A0C91BC942}") = "ARCH", "ARCH.vcxproj", "{E19CC06A-0BA0-4A1A-BCBB-4A78547AEC25}"
EndProject
Global
	GlobalSection(SolutionConfigurationPlatforms) = preSolution
		Debug|Win32 = Debug|Win32
		Release|Win32 = Release|Win32
	EndGlobalSection
	GlobalSection(ProjectConfigurationPlatforms) = postSolution
		{E19CC06A-0BA0-4A1A-BCBB-4A78547AEC25}.Debug|Win32.ActiveCfg = Debug|Win32
		{E19CC06A-0BA0-4A1A-BCBB-4A78547AEC25}.Debug|Win32.Build.0 = Debug|Win32
		{E19CC06A-0BA0-4A1A-BCBB-4A78547AEC25}.Release|Win32.ActiveCfg = Release|Win32
		{E19CC06A-0BA0-4A1A-BCBB-4A78547AEC25}.Release|Win32.Build.0 = Release|Win32
	EndGlobalSection
	GlobalSection(SolutionProperties) = preSolution
		HideSolutionNode = FALSE
	EndGlobalSection
EndGlobal
